
Microsoft Visual Studio Solution File, Format Version 10.00
# Visual Studio 2008
Project("{FAE04EC0-301F-11D3-BF4B-00C04F79EFBC}") = "Unilab", "Unilab\Unilab.csproj", "{8A7D12B9-D64B-4457-AEC0-72ABD59A80CF}"
EndProject
Project("{FAE04EC0-301F-11D3-BF4B-00C04F79EFBC}") = "ProgrammerGUI", "ProgrammerGUI\ProgrammerGUI.csproj", "{FD1CB10A-0303-43C8-8917-2032DD65891A}"
EndProject
Global
	GlobalSection(SolutionConfigurationPlatforms) = preSolution
		Debug|Any CPU = Debug|Any CPU
		Release|Any CPU = Release|Any CPU
	EndGlobalSection
	GlobalSection(ProjectConfigurationPlatforms) = postSolution
		{8A7D12B9-D64B-4457-AEC0-72ABD59A80CF}.Debug|Any CPU.ActiveCfg = Debug|Any CPU
		{8A7D12B9-D64B-4457-AEC0-72ABD59A80CF}.Debug|Any CPU.Build.0 = Debug|Any CPU
		{8A7D12B9-D64B-4457-AEC0-72ABD59A80CF}.Release|Any CPU.ActiveCfg = Release|Any CPU
		{8A7D12B9-D64B-4457-AEC0-72ABD59A80CF}.Release|Any CPU.Build.0 = Release|Any CPU
		{FD1CB10A-0303-43C8-8917-2032DD65891A}.Debug|Any CPU.ActiveCfg = Debug|Any CPU
		{FD1CB10A-0303-43C8-8917-2032DD65891A}.Debug|Any CPU.Build.0 = Debug|Any CPU
		{FD1CB10A-0303-43C8-8917-2032DD65891A}.Release|Any CPU.ActiveCfg = Release|Any CPU
		{FD1CB10A-0303-43C8-8917-2032DD65891A}.Release|Any CPU.Build.0 = Release|Any CPU
	EndGlobalSection
	GlobalSection(MonoDevelopProperties) = preSolution
		StartupItem = ProgrammerGUI\ProgrammerGUI.csproj
	EndGlobalSection
EndGlobal
